
Microsoft Visual Studio Solution File, Format Version 12.00
# Visual Studio 15
VisualStudioVersion = 15.0.26730.16
MinimumVisualStudioVersion = 10.0.40219.1
Project("{FAE04EC0-301F-11D3-BF4B-00C04F79EFBC}") = "05. Cup", "05. Cup\05. Cup.csproj", "{3C91ADF4-E31E-44A7-9199-B387ED5C4C13}"
EndProject
Global
	GlobalSection(SolutionConfigurationPlatforms) = preSolution
		Debug|Any CPU = Debug|Any CPU
		Release|Any CPU = Release|Any CPU
	EndGlobalSection
	GlobalSection(ProjectConfigurationPlatforms) = postSolution
		{3C91ADF4-E31E-44A7-9199-B387ED5C4C13}.Debug|Any CPU.ActiveCfg = Debug|Any CPU
		{3C91ADF4-E31E-44A7-9199-B387ED5C4C13}.Debug|Any CPU.Build.0 = Debug|Any CPU
		{3C91ADF4-E31E-44A7-9199-B387ED5C4C13}.Release|Any CPU.ActiveCfg = Release|Any CPU
		{3C91ADF4-E31E-44A7-9199-B387ED5C4C13}.Release|Any CPU.Build.0 = Release|Any CPU
	EndGlobalSection
	GlobalSection(SolutionProperties) = preSolution
		HideSolutionNode = FALSE
	EndGlobalSection
	GlobalSection(ExtensibilityGlobals) = postSolution
		SolutionGuid = {AC34849A-8F99-437B-9112-B04F4CA5389A}
	EndGlobalSection
EndGlobal
